
Microsoft Visual Studio Solution File, Format Version 12.00
# Visual Studio Version 17
VisualStudioVersion = 17.12.35514.174
MinimumVisualStudioVersion = 10.0.40219.1
Project("{FAE04EC0-301F-11D3-BF4B-00C04F79EFBC}") = "TestDAL", "TestDAL\TestDAL.csproj", "{40BB2C45-0FF2-4C19-ACF6-76B2AACA154A}"
EndProject
Project("{FAE04EC0-301F-11D3-BF4B-00C04F79EFBC}") = "TestBUS", "TestBUS\TestBUS.csproj", "{5B3793F2-C814-4845-A36C-0EBDB64CBB63}"
EndProject
Project("{FAE04EC0-301F-11D3-BF4B-00C04F79EFBC}") = "BlazorPL", "BlazorPL\BlazorPL.csproj", "{D8498476-1DAB-42D5-9111-29E45AD749F6}"
EndProject
Global
	GlobalSection(SolutionConfigurationPlatforms) = preSolution
		Debug|Any CPU = Debug|Any CPU
		Release|Any CPU = Release|Any CPU
	EndGlobalSection
	GlobalSection(ProjectConfigurationPlatforms) = postSolution
		{40BB2C45-0FF2-4C19-ACF6-76B2AACA154A}.Debug|Any CPU.ActiveCfg = Debug|Any CPU
		{40BB2C45-0FF2-4C19-ACF6-76B2AACA154A}.Debug|Any CPU.Build.0 = Debug|Any CPU
		{40BB2C45-0FF2-4C19-ACF6-76B2AACA154A}.Release|Any CPU.ActiveCfg = Release|Any CPU
		{40BB2C45-0FF2-4C19-ACF6-76B2AACA154A}.Release|Any CPU.Build.0 = Release|Any CPU
		{5B3793F2-C814-4845-A36C-0EBDB64CBB63}.Debug|Any CPU.ActiveCfg = Debug|Any CPU
		{5B3793F2-C814-4845-A36C-0EBDB64CBB63}.Debug|Any CPU.Build.0 = Debug|Any CPU
		{5B3793F2-C814-4845-A36C-0EBDB64CBB63}.Release|Any CPU.ActiveCfg = Release|Any CPU
		{5B3793F2-C814-4845-A36C-0EBDB64CBB63}.Release|Any CPU.Build.0 = Release|Any CPU
		{D8498476-1DAB-42D5-9111-29E45AD749F6}.Debug|Any CPU.ActiveCfg = Debug|Any CPU
		{D8498476-1DAB-42D5-9111-29E45AD749F6}.Debug|Any CPU.Build.0 = Debug|Any CPU
		{D8498476-1DAB-42D5-9111-29E45AD749F6}.Release|Any CPU.ActiveCfg = Release|Any CPU
		{D8498476-1DAB-42D5-9111-29E45AD749F6}.Release|Any CPU.Build.0 = Release|Any CPU
	EndGlobalSection
	GlobalSection(SolutionProperties) = preSolution
		HideSolutionNode = FALSE
	EndGlobalSection
EndGlobal
